
Microsoft Visual Studio Solution File, Format Version 12.00
# Visual Studio Version 16
Project("{FAE04EC0-301F-11D3-BF4B-00C04F79EFBC}") = "dnsimple", "src\dnsimple\dnsimple.csproj", "{AFFDA199-7BEC-4C5A-AE8A-84D95E2F06D1}"
EndProject
Project("{FAE04EC0-301F-11D3-BF4B-00C04F79EFBC}") = "dnsimple-test", "src\dnsimple-test\dnsimple-test.csproj", "{FDC76E94-FB8F-4EE4-8842-3D168138F647}"
EndProject
Global
	GlobalSection(SolutionConfigurationPlatforms) = preSolution
		Debug|Any CPU = Debug|Any CPU
		Release|Any CPU = Release|Any CPU
	EndGlobalSection
	GlobalSection(ProjectConfigurationPlatforms) = postSolution
		{AFFDA199-7BEC-4C5A-AE8A-84D95E2F06D1}.Debug|Any CPU.ActiveCfg = Debug|Any CPU
		{AFFDA199-7BEC-4C5A-AE8A-84D95E2F06D1}.Debug|Any CPU.Build.0 = Debug|Any CPU
		{AFFDA199-7BEC-4C5A-AE8A-84D95E2F06D1}.Release|Any CPU.ActiveCfg = Release|Any CPU
		{AFFDA199-7BEC-4C5A-AE8A-84D95E2F06D1}.Release|Any CPU.Build.0 = Release|Any CPU
		{AFFDA199-7BEC-4C5A-AE8A-84D95E2F06D1}.Debug|Any CPU.Deploy.0 = Debug|Any CPU
		{FDC76E94-FB8F-4EE4-8842-3D168138F647}.Debug|Any CPU.ActiveCfg = Debug|Any CPU
		{FDC76E94-FB8F-4EE4-8842-3D168138F647}.Debug|Any CPU.Build.0 = Debug|Any CPU
		{FDC76E94-FB8F-4EE4-8842-3D168138F647}.Release|Any CPU.ActiveCfg = Release|Any CPU
		{FDC76E94-FB8F-4EE4-8842-3D168138F647}.Release|Any CPU.Build.0 = Release|Any CPU
	EndGlobalSection
EndGlobal
